# This file is generated by running "yarn install" inside your project.
# Manual changes might be lost - proceed with caution!

__metadata:
  version: 4
  cacheKey: 6

"app@workspace:app":
  version: 0.0.0-use.local
  resolution: "app@workspace:app"
  dependencies:
    common: "workspace:*"
  languageName: unknown
  linkType: soft

"arg@npm:^4.1.0":
  version: 4.1.3
  resolution: "arg@npm:4.1.3"
  checksum: 81b3b40b1529c4fbf75b12f7c3e6fb2dcce9e78072063babc169de9b4f40777788f3d2b04380f659ef676a756e03ccfbfe78adf4477353bda906295fa69dab89
  languageName: node
  linkType: hard

"buffer-from@npm:^1.0.0":
  version: 1.1.1
  resolution: "buffer-from@npm:1.1.1"
  checksum: 540ceb79c4f5bfcadaabbc18324fa84c50dc52905084be7c03596a339cf5a88513bee6831ce9b36ddd046fab09257a7c80686e129d0559a0cfd141da196ad956
  languageName: node
  linkType: hard

"common@workspace:*, common@workspace:common":
  version: 0.0.0-use.local
  resolution: "common@workspace:common"
  languageName: unknown
  linkType: soft

"diff@npm:^4.0.1":
  version: 4.0.2
  resolution: "diff@npm:4.0.2"
  checksum: 81b5cd7ddde6f0ba2a532d434cfdca365aedd6cc62bb133e851e66e071d40382a30924a07c1034bd3d5a2e332146f64514b73c06fe2ebc0490a67f0c98da79fb
  languageName: node
  linkType: hard

"make-error@npm:^1.1.1":
  version: 1.3.6
  resolution: "make-error@npm:1.3.6"
  checksum: 2c780bab8409b865e8ee86697c599a2bf2765ec64d21eb67ccda27050e039f983feacad05a0d43aba3c966ea03d305d2612e94fec45474bcbc61181f57c5bb88
  languageName: node
  linkType: hard

"monorepo-no-symlink@workspace:.":
  version: 0.0.0-use.local
  resolution: "monorepo-no-symlink@workspace:."
  dependencies:
    ts-node: ^9.0.0
    typescript: ^4.0.2
  languageName: unknown
  linkType: soft

"source-map-support@npm:^0.5.17":
  version: 0.5.19
  resolution: "source-map-support@npm:0.5.19"
  dependencies:
    buffer-from: ^1.0.0
    source-map: ^0.6.0
  checksum: 59d4efaae97755155b078413ecba63517e3ef054cc7ab767bbd30e6f3054be2ae8e8f5cce7eef53b7eb93e98fe27a58dd8f5e7abfb13144ba420ddaf5267bbb2
  languageName: node
  linkType: hard

"source-map@npm:^0.6.0":
  version: 0.6.1
  resolution: "source-map@npm:0.6.1"
  checksum: 8647829a0611724114022be455ca1c8a2c8ae61df81c5b3667d9b398207226a1e21174fb7bbf0b4dbeb27ac358222afb5a14f1c74a62a62b8883b012e5eb1270
  languageName: node
  linkType: hard

"ts-node@npm:^9.0.0":
  version: 9.0.0
  resolution: "ts-node@npm:9.0.0"
  dependencies:
    arg: ^4.1.0
    diff: ^4.0.1
    make-error: ^1.1.1
    source-map-support: ^0.5.17
    yn: 3.1.1
  peerDependencies:
    typescript: ">=2.7"
  bin:
    ts-node: dist/bin.js
    ts-node-script: dist/bin-script.js
    ts-node-transpile-only: dist/bin-transpile.js
    ts-script: dist/bin-script-deprecated.js
  checksum: 49d2ab087fc4b93f0a292e426ea6d242a80d1a4809ac008758bb0170aea1a85cd4182792c1d70889285fe5328cd8bd1ffb1e5108d1c4f31c39dbe9151ea4cabe
  languageName: node
  linkType: hard

typescript@^4.0.2:
  version: 4.0.2
  resolution: "typescript@npm:4.0.2"
  bin:
    tsc: bin/tsc
    tsserver: bin/tsserver
  checksum: cc0e7806eee7997a1b4b2990badacc4a8d089893ed0a377f35c9658e2ac392503cb340d0187203ed82e36e427dda94b0fb7107e44a71cca99efac86be26e16ee
  languageName: node
  linkType: hard

"typescript@patch:typescript@^4.0.2#builtin<compat/typescript>":
  version: 4.0.2
  resolution: "typescript@patch:typescript@npm%3A4.0.2#builtin<compat/typescript>::version=4.0.2&hash=5b02a2"
  bin:
    tsc: bin/tsc
    tsserver: bin/tsserver
  checksum: b8b689ef994cce4fe59950d56ddfffce3c4bdda8edb85b72e752d4a6d27bf7df8a318e76ccde25cbe6e642058f2f4ccf47187db4b243bbc98278a2844db9461b
  languageName: node
  linkType: hard

"yn@npm:3.1.1":
  version: 3.1.1
  resolution: "yn@npm:3.1.1"
  checksum: bff63b80568d80c711670935427494dde47cdf97e8b04196b140ce0af519c81c5ee857eddad0caa8b422dd65aea0157bbfaacbb1546bebba623f0f383d5d9ae5
  languageName: node
  linkType: hard
